
Microsoft Visual Studio Solution File, Format Version 12.00
Project("{FAE04EC0-301F-11D3-BF4B-00C04F79EFBC}") = "ChocAn", "ChocAn\ChocAn.csproj", "{4FAA01C2-C768-48EA-B149-239ED01B584C}"
EndProject
Global
	GlobalSection(SolutionConfigurationPlatforms) = preSolution
		Debug|Any CPU = Debug|Any CPU
		Release|Any CPU = Release|Any CPU
	EndGlobalSection
	GlobalSection(ProjectConfigurationPlatforms) = postSolution
		{4FAA01C2-C768-48EA-B149-239ED01B584C}.Debug|Any CPU.ActiveCfg = Debug|Any CPU
		{4FAA01C2-C768-48EA-B149-239ED01B584C}.Debug|Any CPU.Build.0 = Debug|Any CPU
		{4FAA01C2-C768-48EA-B149-239ED01B584C}.Release|Any CPU.ActiveCfg = Release|Any CPU
		{4FAA01C2-C768-48EA-B149-239ED01B584C}.Release|Any CPU.Build.0 = Release|Any CPU
	EndGlobalSection
EndGlobal
